
Microsoft Visual Studio Solution File, Format Version 12.00
# Visual Studio Version 16
VisualStudioVersion = 16.0.31515.178
MinimumVisualStudioVersion = 10.0.40219.1
Project("{FAE04EC0-301F-11D3-BF4B-00C04F79EFBC}") = "ProductsDeployments", "ProductsDeployments\ProductsDeployments.csproj", "{023D8232-246A-4335-B2B3-B3A741FC543D}"
EndProject
Global
	GlobalSection(SolutionConfigurationPlatforms) = preSolution
		Debug|Any CPU = Debug|Any CPU
		Release|Any CPU = Release|Any CPU
	EndGlobalSection
	GlobalSection(ProjectConfigurationPlatforms) = postSolution
		{023D8232-246A-4335-B2B3-B3A741FC543D}.Debug|Any CPU.ActiveCfg = Debug|Any CPU
		{023D8232-246A-4335-B2B3-B3A741FC543D}.Debug|Any CPU.Build.0 = Debug|Any CPU
		{023D8232-246A-4335-B2B3-B3A741FC543D}.Release|Any CPU.ActiveCfg = Release|Any CPU
		{023D8232-246A-4335-B2B3-B3A741FC543D}.Release|Any CPU.Build.0 = Release|Any CPU
	EndGlobalSection
	GlobalSection(SolutionProperties) = preSolution
		HideSolutionNode = FALSE
	EndGlobalSection
	GlobalSection(ExtensibilityGlobals) = postSolution
		SolutionGuid = {6EC04E6E-9E49-49B4-BC80-E56666043D19}
	EndGlobalSection
EndGlobal
